// !$*UTF8*$!
{
	archiveVersion = 1;
	classes = {
	};
	objectVersion = 46;
	objects = {

/* Begin PBXBuildFile section */
		30AC1137192D90D300BE1072 /* Foundation.framework in Frameworks */ = {isa = PBXBuildFile; fileRef = 30AC1136192D90D300BE1072 /* Foundation.framework */; };
		30AC1139192D90D300BE1072 /* CoreGraphics.framework in Frameworks */ = {isa = PBXBuildFile; fileRef = 30AC1138192D90D300BE1072 /* CoreGraphics.framework */; };
		30AC113B192D90D300BE1072 /* UIKit.framework in Frameworks */ = {isa = PBXBuildFile; fileRef = 30AC113A192D90D300BE1072 /* UIKit.framework */; };
		30AC1141192D90D300BE1072 /* InfoPlist.strings in Resources */ = {isa = PBXBuildFile; fileRef = 30AC113F192D90D300BE1072 /* InfoPlist.strings */; };
		30AC1143192D90D300BE1072 /* main.m in Sources */ = {isa = PBXBuildFile; fileRef = 30AC1142192D90D300BE1072 /* main.m */; };
		30AC1147192D90D300BE1072 /* CanonAppDelegate.m in Sources */ = {isa = PBXBuildFile; fileRef = 30AC1146192D90D300BE1072 /* CanonAppDelegate.m */; };
		30AC114A192D90D300BE1072 /* Main.storyboard in Resources */ = {isa = PBXBuildFile; fileRef = 30AC1148192D90D300BE1072 /* Main.storyboard */; };
		30AC114D192D90D300BE1072 /* CanonViewController.m in Sources */ = {isa = PBXBuildFile; fileRef = 30AC114C192D90D300BE1072 /* CanonViewController.m */; };
		30AC114F192D90D300BE1072 /* Images.xcassets in Resources */ = {isa = PBXBuildFile; fileRef = 30AC114E192D90D300BE1072 /* Images.xcassets */; };
		30AC1156192D90D300BE1072 /* XCTest.framework in Frameworks */ = {isa = PBXBuildFile; fileRef = 30AC1155192D90D300BE1072 /* XCTest.framework */; };
		30AC1157192D90D300BE1072 /* Foundation.framework in Frameworks */ = {isa = PBXBuildFile; fileRef = 30AC1136192D90D300BE1072 /* Foundation.framework */; };
		30AC1158192D90D300BE1072 /* UIKit.framework in Frameworks */ = {isa = PBXBuildFile; fileRef = 30AC113A192D90D300BE1072 /* UIKit.framework */; };
		30AC1160192D90D300BE1072 /* InfoPlist.strings in Resources */ = {isa = PBXBuildFile; fileRef = 30AC115E192D90D300BE1072 /* InfoPlist.strings */; };
		30AC1162192D90D300BE1072 /* PressDemoTests.m in Sources */ = {isa = PBXBuildFile; fileRef = 30AC1161192D90D300BE1072 /* PressDemoTests.m */; };
/* End PBXBuildFile section */

/* Begin PBXContainerItemProxy section */
		30AC1159192D90D300BE1072 /* PBXContainerItemProxy */ = {
			isa = PBXContainerItemProxy;
			containerPortal = 30AC112B192D90D300BE1072 /* Project object */;
			proxyType = 1;
			remoteGlobalIDString = 30AC1132192D90D300BE1072;
			remoteInfo = PressDemo;
		};
/* End PBXContainerItemProxy section */

/* Begin PBXFileReference section */
		30AC1133192D90D300BE1072 /* PressDemo.app */ = {isa = PBXFileReference; explicitFileType = wrapper.application; includeInIndex = 0; path = PressDemo.app; sourceTree = BUILT_PRODUCTS_DIR; };
		30AC1136192D90D300BE1072 /* Foundation.framework */ = {isa = PBXFileReference; lastKnownFileType = wrapper.framework; name = Foundation.framework; path = System/Library/Frameworks/Foundation.framework; sourceTree = SDKROOT; };
		30AC1138192D90D300BE1072 /* CoreGraphics.framework */ = {isa = PBXFileReference; lastKnownFileType = wrapper.framework; name = CoreGraphics.framework; path = System/Library/Frameworks/CoreGraphics.framework; sourceTree = SDKROOT; };
		30AC113A192D90D300BE1072 /* UIKit.framework */ = {isa = PBXFileReference; lastKnownFileType = wrapper.framework; name = UIKit.framework; path = System/Library/Frameworks/UIKit.framework; sourceTree = SDKROOT; };
		30AC113E192D90D300BE1072 /* PressDemo-Info.plist */ = {isa = PBXFileReference; lastKnownFileType = text.plist.xml; path = "PressDemo-Info.plist"; sourceTree = "<group>"; };
		30AC1140192D90D300BE1072 /* en */ = {isa = PBXFileReference; lastKnownFileType = text.plist.strings; name = en; path = en.lproj/InfoPlist.strings; sourceTree = "<group>"; };
		30AC1142192D90D300BE1072 /* main.m */ = {isa = PBXFileReference; lastKnownFileType = sourcecode.c.objc; path = main.m; sourceTree = "<group>"; };
		30AC1144192D90D300BE1072 /* PressDemo-Prefix.pch */ = {isa = PBXFileReference; lastKnownFileType = sourcecode.c.h; path = "PressDemo-Prefix.pch"; sourceTree = "<group>"; };
		30AC1145192D90D300BE1072 /* CanonAppDelegate.h */ = {isa = PBXFileReference; lastKnownFileType = sourcecode.c.h; path = CanonAppDelegate.h; sourceTree = "<group>"; };
		30AC1146192D90D300BE1072 /* CanonAppDelegate.m */ = {isa = PBXFileReference; lastKnownFileType = sourcecode.c.objc; path = CanonAppDelegate.m; sourceTree = "<group>"; };
		30AC1149192D90D300BE1072 /* Base */ = {isa = PBXFileReference; lastKnownFileType = file.storyboard; name = Base; path = Base.lproj/Main.storyboard; sourceTree = "<group>"; };
		30AC114B192D90D300BE1072 /* CanonViewController.h */ = {isa = PBXFileReference; lastKnownFileType = sourcecode.c.h; path = CanonViewController.h; sourceTree = "<group>"; };
		30AC114C192D90D300BE1072 /* CanonViewController.m */ = {isa = PBXFileReference; lastKnownFileType = sourcecode.c.objc; path = CanonViewController.m; sourceTree = "<group>"; };
		30AC114E192D90D300BE1072 /* Images.xcassets */ = {isa = PBXFileReference; lastKnownFileType = folder.assetcatalog; path = Images.xcassets; sourceTree = "<group>"; };
		30AC1154192D90D300BE1072 /* PressDemoTests.xctest */ = {isa = PBXFileReference; explicitFileType = wrapper.cfbundle; includeInIndex = 0; path = PressDemoTests.xctest; sourceTree = BUILT_PRODUCTS_DIR; };
		30AC1155192D90D300BE1072 /* XCTest.framework */ = {isa = PBXFileReference; lastKnownFileType = wrapper.framework; name = XCTest.framework; path = Library/Frameworks/XCTest.framework; sourceTree = DEVELOPER_DIR; };
		30AC115D192D90D300BE1072 /* PressDemoTests-Info.plist */ = {isa = PBXFileReference; lastKnownFileType = text.plist.xml; path = "PressDemoTests-Info.plist"; sourceTree = "<group>"; };
		30AC115F192D90D300BE1072 /* en */ = {isa = PBXFileReference; lastKnownFileType = text.plist.strings; name = en; path = en.lproj/InfoPlist.strings; sourceTree = "<group>"; };
		30AC1161192D90D300BE1072 /* PressDemoTests.m */ = {isa = PBXFileReference; lastKnownFileType = sourcecode.c.objc; path = PressDemoTests.m; sourceTree = "<group>"; };
/* End PBXFileReference section */

/* Begin PBXFrameworksBuildPhase section */
		30AC1130192D90D300BE1072 /* Frameworks */ = {
			isa = PBXFrameworksBuildPhase;
			buildActionMask = 2147483647;
			files = (
				30AC1139192D90D300BE1072 /* CoreGraphics.framework in Frameworks */,
				30AC113B192D90D300BE1072 /* UIKit.framework in Frameworks */,
				30AC1137192D90D300BE1072 /* Foundation.framework in Frameworks */,
			);
			runOnlyForDeploymentPostprocessing = 0;
		};
		30AC1151192D90D300BE1072 /* Frameworks */ = {
			isa = PBXFrameworksBuildPhase;
			buildActionMask = 2147483647;
			files = (
				30AC1156192D90D300BE1072 /* XCTest.framework in Frameworks */,
				30AC1158192D90D300BE1072 /* UIKit.framework in Frameworks */,
				30AC1157192D90D300BE1072 /* Foundation.framework in Frameworks */,
			);
			runOnlyForDeploymentPostprocessing = 0;
		};
/* End PBXFrameworksBuildPhase section */

/* Begin PBXGroup section */
		30AC112A192D90D300BE1072 = {
			isa = PBXGroup;
			children = (
				30AC113C192D90D300BE1072 /* PressDemo */,
				30AC115B192D90D300BE1072 /* PressDemoTests */,
				30AC1135192D90D300BE1072 /* Frameworks */,
				30AC1134192D90D300BE1072 /* Products */,
			);
			sourceTree = "<group>";
		};
		30AC1134192D90D300BE1072 /* Products */ = {
			isa = PBXGroup;
			children = (
				30AC1133192D90D300BE1072 /* PressDemo.app */,
				30AC1154192D90D300BE1072 /* PressDemoTests.xctest */,
			);
			name = Products;
			sourceTree = "<group>";
		};
		30AC1135192D90D300BE1072 /* Frameworks */ = {
			isa = PBXGroup;
			children = (
				30AC1136192D90D300BE1072 /* Foundation.framework */,
				30AC1138192D90D300BE1072 /* CoreGraphics.framework */,
				30AC113A192D90D300BE1072 /* UIKit.framework */,
				30AC1155192D90D300BE1072 /* XCTest.framework */,
			);
			name = Frameworks;
			sourceTree = "<group>";
		};
		30AC113C192D90D300BE1072 /* PressDemo */ = {
			isa = PBXGroup;
			children = (
				30AC1145192D90D300BE1072 /* CanonAppDelegate.h */,
				30AC1146192D90D300BE1072 /* CanonAppDelegate.m */,
				30AC1148192D90D300BE1072 /* Main.storyboard */,
				30AC114B192D90D300BE1072 /* CanonViewController.h */,
				30AC114C192D90D300BE1072 /* CanonViewController.m */,
				30AC114E192D90D300BE1072 /* Images.xcassets */,
				30AC113D192D90D300BE1072 /* Supporting Files */,
			);
			path = PressDemo;
			sourceTree = "<group>";
		};
		30AC113D192D90D300BE1072 /* Supporting Files */ = {
			isa = PBXGroup;
			children = (
				30AC113E192D90D300BE1072 /* PressDemo-Info.plist */,
				30AC113F192D90D300BE1072 /* InfoPlist.strings */,
				30AC1142192D90D300BE1072 /* main.m */,
				30AC1144192D90D300BE1072 /* PressDemo-Prefix.pch */,
			);
			name = "Supporting Files";
			sourceTree = "<group>";
		};
		30AC115B192D90D300BE1072 /* PressDemoTests */ = {
			isa = PBXGroup;
			children = (
				30AC1161192D90D300BE1072 /* PressDemoTests.m */,
				30AC115C192D90D300BE1072 /* Supporting Files */,
			);
			path = PressDemoTests;
			sourceTree = "<group>";
		};
		30AC115C192D90D300BE1072 /* Supporting Files */ = {
			isa = PBXGroup;
			children = (
				30AC115D192D90D300BE1072 /* PressDemoTests-Info.plist */,
				30AC115E192D90D300BE1072 /* InfoPlist.strings */,
			);
			name = "Supporting Files";
			sourceTree = "<group>";
		};
/* End PBXGroup section */

/* Begin PBXNativeTarget section */
		30AC1132192D90D300BE1072 /* PressDemo */ = {
			isa = PBXNativeTarget;
			buildConfigurationList = 30AC1165192D90D300BE1072 /* Build configuration list for PBXNativeTarget "PressDemo" */;
			buildPhases = (
				30AC112F192D90D300BE1072 /* Sources */,
				30AC1130192D90D300BE1072 /* Frameworks */,
				30AC1131192D90D300BE1072 /* Resources */,
			);
			buildRules = (
			);
			dependencies = (
			);
			name = PressDemo;
			productName = PressDemo;
			productReference = 30AC1133192D90D300BE1072 /* PressDemo.app */;
			productType = "com.apple.product-type.application";
		};
		30AC1153192D90D300BE1072 /* PressDemoTests */ = {
			isa = PBXNativeTarget;
			buildConfigurationList = 30AC1168192D90D300BE1072 /* Build configuration list for PBXNativeTarget "PressDemoTests" */;
			buildPhases = (
				30AC1150192D90D300BE1072 /* Sources */,
				30AC1151192D90D300BE1072 /* Frameworks */,
				30AC1152192D90D300BE1072 /* Resources */,
			);
			buildRules = (
			);
			dependencies = (
				30AC115A192D90D300BE1072 /* PBXTargetDependency */,
			);
			name = PressDemoTests;
			productName = PressDemoTests;
			productReference = 30AC1154192D90D300BE1072 /* PressDemoTests.xctest */;
			productType = "com.apple.product-type.bundle.unit-test";
		};
/* End PBXNativeTarget section */

/* Begin PBXProject section */
		30AC112B192D90D300BE1072 /* Project object */ = {
			isa = PBXProject;
			attributes = {
				CLASSPREFIX = Canon;
				LastUpgradeCheck = 0510;
				ORGANIZATIONNAME = Trekk;
				TargetAttributes = {
					30AC1153192D90D300BE1072 = {
						TestTargetID = 30AC1132192D90D300BE1072;
					};
				};
			};
			buildConfigurationList = 30AC112E192D90D300BE1072 /* Build configuration list for PBXProject "PressDemo" */;
			compatibilityVersion = "Xcode 3.2";
			developmentRegion = English;
			hasScannedForEncodings = 0;
			knownRegions = (
				en,
				Base,
			);
			mainGroup = 30AC112A192D90D300BE1072;
			productRefGroup = 30AC1134192D90D300BE1072 /* Products */;
			projectDirPath = "";
			projectRoot = "";
			targets = (
				30AC1132192D90D300BE1072 /* PressDemo */,
				30AC1153192D90D300BE1072 /* PressDemoTests */,
			);
		};
/* End PBXProject section */

/* Begin PBXResourcesBuildPhase section */
		30AC1131192D90D300BE1072 /* Resources */ = {
			isa = PBXResourcesBuildPhase;
			buildActionMask = 2147483647;
			files = (
				30AC114F192D90D300BE1072 /* Images.xcassets in Resources */,
				30AC1141192D90D300BE1072 /* InfoPlist.strings in Resources */,
				30AC114A192D90D300BE1072 /* Main.storyboard in Resources */,
			);
			runOnlyForDeploymentPostprocessing = 0;
		};
		30AC1152192D90D300BE1072 /* Resources */ = {
			isa = PBXResourcesBuildPhase;
			buildActionMask = 2147483647;
			files = (
				30AC1160192D90D300BE1072 /* InfoPlist.strings in Resources */,
			);
			runOnlyForDeploymentPostprocessing = 0;
		};
/* End PBXResourcesBuildPhase section */

/* Begin PBXSourcesBuildPhase section */
		30AC112F192D90D300BE1072 /* Sources */ = {
			isa = PBXSourcesBuildPhase;
			buildActionMask = 2147483647;
			files = (
				30AC114D192D90D300BE1072 /* CanonViewController.m in Sources */,
				30AC1147192D90D300BE1072 /* CanonAppDelegate.m in Sources */,
				30AC1143192D90D300BE1072 /* main.m in Sources */,
			);
			runOnlyForDeploymentPostprocessing = 0;
		};
		30AC1150192D90D300BE1072 /* Sources */ = {
			isa = PBXSourcesBuildPhase;
			buildActionMask = 2147483647;
			files = (
				30AC1162192D90D300BE1072 /* PressDemoTests.m in Sources */,
			);
			runOnlyForDeploymentPostprocessing = 0;
		};
/* End PBXSourcesBuildPhase section */

/* Begin PBXTargetDependency section */
		30AC115A192D90D300BE1072 /* PBXTargetDependency */ = {
			isa = PBXTargetDependency;
			target = 30AC1132192D90D300BE1072 /* PressDemo */;
			targetProxy = 30AC1159192D90D300BE1072 /* PBXContainerItemProxy */;
		};
/* End PBXTargetDependency section */

/* Begin PBXVariantGroup section */
		30AC113F192D90D300BE1072 /* InfoPlist.strings */ = {
			isa = PBXVariantGroup;
			children = (
				30AC1140192D90D300BE1072 /* en */,
			);
			name = InfoPlist.strings;
			sourceTree = "<group>";
		};
		30AC1148192D90D300BE1072 /* Main.storyboard */ = {
			isa = PBXVariantGroup;
			children = (
				30AC1149192D90D300BE1072 /* Base */,
			);
			name = Main.storyboard;
			sourceTree = "<group>";
		};
		30AC115E192D90D300BE1072 /* InfoPlist.strings */ = {
			isa = PBXVariantGroup;
			children = (
				30AC115F192D90D300BE1072 /* en */,
			);
			name = InfoPlist.strings;
			sourceTree = "<group>";
		};
/* End PBXVariantGroup section */

/* Begin XCBuildConfiguration section */
		30AC1163192D90D300BE1072 /* Debug */ = {
			isa = XCBuildConfiguration;
			buildSettings = {
				ALWAYS_SEARCH_USER_PATHS = NO;
				CLANG_CXX_LANGUAGE_STANDARD = "gnu++0x";
				CLANG_CXX_LIBRARY = "libc++";
				CLANG_ENABLE_MODULES = YES;
				CLANG_ENABLE_OBJC_ARC = YES;
				CLANG_WARN_BOOL_CONVERSION = YES;
				CLANG_WARN_CONSTANT_CONVERSION = YES;
				CLANG_WARN_DIRECT_OBJC_ISA_USAGE = YES_ERROR;
				CLANG_WARN_EMPTY_BODY = YES;
				CLANG_WARN_ENUM_CONVERSION = YES;
				CLANG_WARN_INT_CONVERSION = YES;
				CLANG_WARN_OBJC_ROOT_CLASS = YES_ERROR;
				CLANG_WARN__DUPLICATE_METHOD_MATCH = YES;
				"CODE_SIGN_IDENTITY[sdk=iphoneos*]" = "iPhone Developer";
				COPY_PHASE_STRIP = NO;
				GCC_C_LANGUAGE_STANDARD = gnu99;
				GCC_DYNAMIC_NO_PIC = NO;
				GCC_OPTIMIZATION_LEVEL = 0;
				GCC_PREPROCESSOR_DEFINITIONS = (
					"DEBUG=1",
					"$(inherited)",
				);
				GCC_SYMBOLS_PRIVATE_EXTERN = NO;
				GCC_WARN_64_TO_32_BIT_CONVERSION = YES;
				GCC_WARN_ABOUT_RETURN_TYPE = YES_ERROR;
				GCC_WARN_UNDECLARED_SELECTOR = YES;
				GCC_WARN_UNINITIALIZED_AUTOS = YES_AGGRESSIVE;
				GCC_WARN_UNUSED_FUNCTION = YES;
				GCC_WARN_UNUSED_VARIABLE = YES;
				IPHONEOS_DEPLOYMENT_TARGET = 7.1;
				ONLY_ACTIVE_ARCH = YES;
				SDKROOT = iphoneos;
				TARGETED_DEVICE_FAMILY = 2;
			};
			name = Debug;
		};
		30AC1164192D90D300BE1072 /* Release */ = {
			isa = XCBuildConfiguration;
			buildSettings = {
				ALWAYS_SEARCH_USER_PATHS = NO;
				CLANG_CXX_LANGUAGE_STANDARD = "gnu++0x";
				CLANG_CXX_LIBRARY = "libc++";
				CLANG_ENABLE_MODULES = YES;
				CLANG_ENABLE_OBJC_ARC = YES;
				CLANG_WARN_BOOL_CONVERSION = YES;
				CLANG_WARN_CONSTANT_CONVERSION = YES;
				CLANG_WARN_DIRECT_OBJC_ISA_USAGE = YES_ERROR;
				CLANG_WARN_EMPTY_BODY = YES;
				CLANG_WARN_ENUM_CONVERSION = YES;
				CLANG_WARN_INT_CONVERSION = YES;
				CLANG_WARN_OBJC_ROOT_CLASS = YES_ERROR;
				CLANG_WARN__DUPLICATE_METHOD_MATCH = YES;
				"CODE_SIGN_IDENTITY[sdk=iphoneos*]" = "iPhone Developer";
				COPY_PHASE_STRIP = YES;
				ENABLE_NS_ASSERTIONS = NO;
				GCC_C_LANGUAGE_STANDARD = gnu99;
				GCC_WARN_64_TO_32_BIT_CONVERSION = YES;
				GCC_WARN_ABOUT_RETURN_TYPE = YES_ERROR;
				GCC_WARN_UNDECLARED_SELECTOR = YES;
				GCC_WARN_UNINITIALIZED_AUTOS = YES_AGGRESSIVE;
				GCC_WARN_UNUSED_FUNCTION = YES;
				GCC_WARN_UNUSED_VARIABLE = YES;
				IPHONEOS_DEPLOYMENT_TARGET = 7.1;
				SDKROOT = iphoneos;
				TARGETED_DEVICE_FAMILY = 2;
				VALIDATE_PRODUCT = YES;
			};
			name = Release;
		};
		30AC1166192D90D300BE1072 /* Debug */ = {
			isa = XCBuildConfiguration;
			buildSettings = {
				ASSETCATALOG_COMPILER_APPICON_NAME = AppIcon;
				ASSETCATALOG_COMPILER_LAUNCHIMAGE_NAME = LaunchImage;
				GCC_PRECOMPILE_PREFIX_HEADER = YES;
				GCC_PREFIX_HEADER = "PressDemo/PressDemo-Prefix.pch";
				INFOPLIST_FILE = "PressDemo/PressDemo-Info.plist";
				PRODUCT_NAME = "$(TARGET_NAME)";
				WRAPPER_EXTENSION = app;
			};
			name = Debug;
		};
		30AC1167192D90D300BE1072 /* Release */ = {
			isa = XCBuildConfiguration;
			buildSettings = {
				ASSETCATALOG_COMPILER_APPICON_NAME = AppIcon;
				ASSETCATALOG_COMPILER_LAUNCHIMAGE_NAME = LaunchImage;
				GCC_PRECOMPILE_PREFIX_HEADER = YES;
				GCC_PREFIX_HEADER = "PressDemo/PressDemo-Prefix.pch";
				INFOPLIST_FILE = "PressDemo/PressDemo-Info.plist";
				PRODUCT_NAME = "$(TARGET_NAME)";
				WRAPPER_EXTENSION = app;
			};
			name = Release;
		};
		30AC1169192D90D300BE1072 /* Debug */ = {
			isa = XCBuildConfiguration;
			buildSettings = {
				BUNDLE_LOADER = "$(BUILT_PRODUCTS_DIR)/PressDemo.app/PressDemo";
				FRAMEWORK_SEARCH_PATHS = (
					"$(SDKROOT)/Developer/Library/Frameworks",
					"$(inherited)",
					"$(DEVELOPER_FRAMEWORKS_DIR)",
				);
				GCC_PRECOMPILE_PREFIX_HEADER = YES;
				GCC_PREFIX_HEADER = "PressDemo/PressDemo-Prefix.pch";
				GCC_PREPROCESSOR_DEFINITIONS = (
					"DEBUG=1",
					"$(inherited)",
				);
				INFOPLIST_FILE = "PressDemoTests/PressDemoTests-Info.plist";
				PRODUCT_NAME = "$(TARGET_NAME)";
				TEST_HOST = "$(BUNDLE_LOADER)";
				WRAPPER_EXTENSION = xctest;
			};
			name = Debug;
		};
		30AC116A192D90D300BE1072 /* Release */ = {
			isa = XCBuildConfiguration;
			buildSettings = {
				BUNDLE_LOADER = "$(BUILT_PRODUCTS_DIR)/PressDemo.app/PressDemo";
				FRAMEWORK_SEARCH_PATHS = (
					"$(SDKROOT)/Developer/Library/Frameworks",
					"$(inherited)",
					"$(DEVELOPER_FRAMEWORKS_DIR)",
				);
				GCC_PRECOMPILE_PREFIX_HEADER = YES;
				GCC_PREFIX_HEADER = "PressDemo/PressDemo-Prefix.pch";
				INFOPLIST_FILE = "PressDemoTests/PressDemoTests-Info.plist";
				PRODUCT_NAME = "$(TARGET_NAME)";
				TEST_HOST = "$(BUNDLE_LOADER)";
				WRAPPER_EXTENSION = xctest;
			};
			name = Release;
		};
/* End XCBuildConfiguration section */

/* Begin XCConfigurationList section */
		30AC112E192D90D300BE1072 /* Build configuration list for PBXProject "PressDemo" */ = {
			isa = XCConfigurationList;
			buildConfigurations = (
				30AC1163192D90D300BE1072 /* Debug */,
				30AC1164192D90D300BE1072 /* Release */,
			);
			defaultConfigurationIsVisible = 0;
			defaultConfigurationName = Release;
		};
		30AC1165192D90D300BE1072 /* Build configuration list for PBXNativeTarget "PressDemo" */ = {
			isa = XCConfigurationList;
			buildConfigurations = (
				30AC1166192D90D300BE1072 /* Debug */,
				30AC1167192D90D300BE1072 /* Release */,
			);
			defaultConfigurationIsVisible = 0;
		};
		30AC1168192D90D300BE1072 /* Build configuration list for PBXNativeTarget "PressDemoTests" */ = {
			isa = XCConfigurationList;
			buildConfigurations = (
				30AC1169192D90D300BE1072 /* Debug */,
				30AC116A192D90D300BE1072 /* Release */,
			);
			defaultConfigurationIsVisible = 0;
		};
/* End XCConfigurationList section */
	};
	rootObject = 30AC112B192D90D300BE1072 /* Project object */;
}
